
Microsoft Visual Studio Solution File, Format Version 12.00
# Visual Studio Version 17
VisualStudioVersion = 17.3.32929.385
MinimumVisualStudioVersion = 10.0.40219.1
Project("{8BC9CEB8-8B4A-11D0-8D11-00A0C91BC942}") = "HA-11_IvanRusev", "HA-11_IvanRusev.vcxproj", "{EED3C36D-8970-480F-B29E-F03F8B9D5B4C}"
EndProject
Global
	GlobalSection(SolutionConfigurationPlatforms) = preSolution
		Debug|x64 = Debug|x64
		Debug|x86 = Debug|x86
		Release|x64 = Release|x64
		Release|x86 = Release|x86
	EndGlobalSection
	GlobalSection(ProjectConfigurationPlatforms) = postSolution
		{EED3C36D-8970-480F-B29E-F03F8B9D5B4C}.Debug|x64.ActiveCfg = Debug|x64
		{EED3C36D-8970-480F-B29E-F03F8B9D5B4C}.Debug|x64.Build.0 = Debug|x64
		{EED3C36D-8970-480F-B29E-F03F8B9D5B4C}.Debug|x86.ActiveCfg = Debug|Win32
		{EED3C36D-8970-480F-B29E-F03F8B9D5B4C}.Debug|x86.Build.0 = Debug|Win32
		{EED3C36D-8970-480F-B29E-F03F8B9D5B4C}.Release|x64.ActiveCfg = Release|x64
		{EED3C36D-8970-480F-B29E-F03F8B9D5B4C}.Release|x64.Build.0 = Release|x64
		{EED3C36D-8970-480F-B29E-F03F8B9D5B4C}.Release|x86.ActiveCfg = Release|Win32
		{EED3C36D-8970-480F-B29E-F03F8B9D5B4C}.Release|x86.Build.0 = Release|Win32
	EndGlobalSection
	GlobalSection(SolutionProperties) = preSolution
		HideSolutionNode = FALSE
	EndGlobalSection
	GlobalSection(ExtensibilityGlobals) = postSolution
		SolutionGuid = {FE874F13-C38A-48CF-8BAC-816898BF41D9}
	EndGlobalSection
EndGlobal
